
Microsoft Visual Studio Solution File, Format Version 12.00
# Visual Studio Version 17
VisualStudioVersion = 17.7.34031.279
MinimumVisualStudioVersion = 10.0.40219.1
Project("{FAE04EC0-301F-11D3-BF4B-00C04F79EFBC}") = "SubTargetting", "SubTargetting.csproj", "{EF819441-70A0-4737-8B9C-9630CFB452CC}"
EndProject
Global
	GlobalSection(SolutionConfigurationPlatforms) = preSolution
		Debug|Any CPU = Debug|Any CPU
		Release|Any CPU = Release|Any CPU
	EndGlobalSection
	GlobalSection(ProjectConfigurationPlatforms) = postSolution
		{EF819441-70A0-4737-8B9C-9630CFB452CC}.Debug|Any CPU.ActiveCfg = Debug|Any CPU
		{EF819441-70A0-4737-8B9C-9630CFB452CC}.Debug|Any CPU.Build.0 = Debug|Any CPU
		{EF819441-70A0-4737-8B9C-9630CFB452CC}.Release|Any CPU.ActiveCfg = Release|Any CPU
		{EF819441-70A0-4737-8B9C-9630CFB452CC}.Release|Any CPU.Build.0 = Release|Any CPU
	EndGlobalSection
	GlobalSection(SolutionProperties) = preSolution
		HideSolutionNode = FALSE
	EndGlobalSection
	GlobalSection(ExtensibilityGlobals) = postSolution
		SolutionGuid = {CAA61401-0D4D-4C57-8642-E1B0F3B742AF}
	EndGlobalSection
EndGlobal
